
Microsoft Visual Studio Solution File, Format Version 12.00
# Visual Studio Version 17
VisualStudioVersion = 17.8.0.0
MinimumVisualStudioVersion = 17.8.0.0
Project("{9A19103F-16F7-4668-BE54-9A1E7A4F7556}") = "MiProyectoAspire.AppHost", "MiProyectoAspire.AppHost\MiProyectoAspire.AppHost.csproj", "{9E8A2E2E-B0C5-45A4-8323-82905D1A349B}"
EndProject
Project("{54A90642-561A-4BB1-A94E-469ADEE60C69}") = "frontend", "frontend\frontend.esproj", "{E2FA28E7-602D-45BB-A5FF-46AA4F53D298}"
EndProject
Project("{FAE04EC0-301F-11D3-BF4B-00C04F79EFBC}") = "MiProyectoAspire.ProductApi", "MiProyectoAspire.ProductServer\MiProyectoAspire.ProductApi.csproj", "{7BD76338-7654-4AF6-B5B5-A99DEEA1F034}"
EndProject
Global
	GlobalSection(SolutionConfigurationPlatforms) = preSolution
		Debug|Any CPU = Debug|Any CPU
		Debug|x64 = Debug|x64
		Debug|x86 = Debug|x86
		Release|Any CPU = Release|Any CPU
		Release|x64 = Release|x64
		Release|x86 = Release|x86
	EndGlobalSection
	GlobalSection(ProjectConfigurationPlatforms) = postSolution
		{9E8A2E2E-B0C5-45A4-8323-82905D1A349B}.Debug|Any CPU.ActiveCfg = Debug|Any CPU
		{9E8A2E2E-B0C5-45A4-8323-82905D1A349B}.Debug|Any CPU.Build.0 = Debug|Any CPU
		{9E8A2E2E-B0C5-45A4-8323-82905D1A349B}.Debug|x64.ActiveCfg = Debug|Any CPU
		{9E8A2E2E-B0C5-45A4-8323-82905D1A349B}.Debug|x64.Build.0 = Debug|Any CPU
		{9E8A2E2E-B0C5-45A4-8323-82905D1A349B}.Debug|x86.ActiveCfg = Debug|Any CPU
		{9E8A2E2E-B0C5-45A4-8323-82905D1A349B}.Debug|x86.Build.0 = Debug|Any CPU
		{9E8A2E2E-B0C5-45A4-8323-82905D1A349B}.Release|Any CPU.ActiveCfg = Release|Any CPU
		{9E8A2E2E-B0C5-45A4-8323-82905D1A349B}.Release|Any CPU.Build.0 = Release|Any CPU
		{9E8A2E2E-B0C5-45A4-8323-82905D1A349B}.Release|x64.ActiveCfg = Release|Any CPU
		{9E8A2E2E-B0C5-45A4-8323-82905D1A349B}.Release|x64.Build.0 = Release|Any CPU
		{9E8A2E2E-B0C5-45A4-8323-82905D1A349B}.Release|x86.ActiveCfg = Release|Any CPU
		{9E8A2E2E-B0C5-45A4-8323-82905D1A349B}.Release|x86.Build.0 = Release|Any CPU
		{E2FA28E7-602D-45BB-A5FF-46AA4F53D298}.Debug|Any CPU.ActiveCfg = Debug|Any CPU
		{E2FA28E7-602D-45BB-A5FF-46AA4F53D298}.Debug|Any CPU.Build.0 = Debug|Any CPU
		{E2FA28E7-602D-45BB-A5FF-46AA4F53D298}.Debug|x64.ActiveCfg = Debug|x64
		{E2FA28E7-602D-45BB-A5FF-46AA4F53D298}.Debug|x86.ActiveCfg = Debug|x86
		{E2FA28E7-602D-45BB-A5FF-46AA4F53D298}.Release|Any CPU.ActiveCfg = Release|Any CPU
		{E2FA28E7-602D-45BB-A5FF-46AA4F53D298}.Release|Any CPU.Build.0 = Release|Any CPU
		{E2FA28E7-602D-45BB-A5FF-46AA4F53D298}.Release|x64.ActiveCfg = Release|x64
		{E2FA28E7-602D-45BB-A5FF-46AA4F53D298}.Release|x86.ActiveCfg = Release|x86
		{7BD76338-7654-4AF6-B5B5-A99DEEA1F034}.Debug|Any CPU.ActiveCfg = Debug|Any CPU
		{7BD76338-7654-4AF6-B5B5-A99DEEA1F034}.Debug|Any CPU.Build.0 = Debug|Any CPU
		{7BD76338-7654-4AF6-B5B5-A99DEEA1F034}.Debug|x64.ActiveCfg = Debug|Any CPU
		{7BD76338-7654-4AF6-B5B5-A99DEEA1F034}.Debug|x64.Build.0 = Debug|Any CPU
		{7BD76338-7654-4AF6-B5B5-A99DEEA1F034}.Debug|x86.ActiveCfg = Debug|Any CPU
		{7BD76338-7654-4AF6-B5B5-A99DEEA1F034}.Debug|x86.Build.0 = Debug|Any CPU
		{7BD76338-7654-4AF6-B5B5-A99DEEA1F034}.Release|Any CPU.ActiveCfg = Release|Any CPU
		{7BD76338-7654-4AF6-B5B5-A99DEEA1F034}.Release|Any CPU.Build.0 = Release|Any CPU
		{7BD76338-7654-4AF6-B5B5-A99DEEA1F034}.Release|x64.ActiveCfg = Release|Any CPU
		{7BD76338-7654-4AF6-B5B5-A99DEEA1F034}.Release|x64.Build.0 = Release|Any CPU
		{7BD76338-7654-4AF6-B5B5-A99DEEA1F034}.Release|x86.ActiveCfg = Release|Any CPU
		{7BD76338-7654-4AF6-B5B5-A99DEEA1F034}.Release|x86.Build.0 = Release|Any CPU
	EndGlobalSection
	GlobalSection(SolutionProperties) = preSolution
		HideSolutionNode = FALSE
	EndGlobalSection
	GlobalSection(ExtensibilityGlobals) = postSolution
		SolutionGuid = {45BCBCF7-9E74-43E4-AA01-232FD4C8421C}
	EndGlobalSection
EndGlobal
